// !$*UTF8*$!
{
	archiveVersion = 1;
	classes = {
	};
	objectVersion = 77;
	objects = {

/* Begin PBXBuildFile section */
		382F25852D74DA3B00CEC171 /* Sparkle in Frameworks */ = {isa = PBXBuildFile; productRef = 382F25842D74DA3B00CEC171 /* Sparkle */; };
/* End PBXBuildFile section */

/* Begin PBXContainerItemProxy section */
		38D9FE852D6269A100E651FA /* PBXContainerItemProxy */ = {
			isa = PBXContainerItemProxy;
			containerPortal = 38D9FE6B2D6269A000E651FA /* Project object */;
			proxyType = 1;
			remoteGlobalIDString = 38D9FE722D6269A000E651FA;
			remoteInfo = Scrubby;
		};
		38D9FE8F2D6269A100E651FA /* PBXContainerItemProxy */ = {
			isa = PBXContainerItemProxy;
			containerPortal = 38D9FE6B2D6269A000E651FA /* Project object */;
			proxyType = 1;
			remoteGlobalIDString = 38D9FE722D6269A000E651FA;
			remoteInfo = Scrubby;
		};
/* End PBXContainerItemProxy section */

/* Begin PBXFileReference section */
		382F25862D74DAE000CEC171 /* FileScrubby-Info.plist */ = {isa = PBXFileReference; lastKnownFileType = text.plist; path = "FileScrubby-Info.plist"; sourceTree = "<group>"; };
		38D9FE732D6269A000E651FA /* FileScrubby.app */ = {isa = PBXFileReference; explicitFileType = wrapper.application; includeInIndex = 0; path = FileScrubby.app; sourceTree = BUILT_PRODUCTS_DIR; };
		38D9FE842D6269A100E651FA /* FileScrubbyTests.xctest */ = {isa = PBXFileReference; explicitFileType = wrapper.cfbundle; includeInIndex = 0; path = FileScrubbyTests.xctest; sourceTree = BUILT_PRODUCTS_DIR; };
		38D9FE8E2D6269A100E651FA /* FileScrubbyUITests.xctest */ = {isa = PBXFileReference; explicitFileType = wrapper.cfbundle; includeInIndex = 0; path = FileScrubbyUITests.xctest; sourceTree = BUILT_PRODUCTS_DIR; };
/* End PBXFileReference section */

/* Begin PBXFileSystemSynchronizedRootGroup section */
		38D9FE752D6269A000E651FA /* Scrubby */ = {
			isa = PBXFileSystemSynchronizedRootGroup;
			path = Scrubby;
			sourceTree = "<group>";
		};
		38D9FE872D6269A100E651FA /* ScrubbyTests */ = {
			isa = PBXFileSystemSynchronizedRootGroup;
			path = ScrubbyTests;
			sourceTree = "<group>";
		};
		38D9FE912D6269A100E651FA /* ScrubbyUITests */ = {
			isa = PBXFileSystemSynchronizedRootGroup;
			path = ScrubbyUITests;
			sourceTree = "<group>";
		};
/* End PBXFileSystemSynchronizedRootGroup section */

/* Begin PBXFrameworksBuildPhase section */
		38D9FE702D6269A000E651FA /* Frameworks */ = {
			isa = PBXFrameworksBuildPhase;
			buildActionMask = 2147483647;
			files = (
				382F25852D74DA3B00CEC171 /* Sparkle in Frameworks */,
			);
			runOnlyForDeploymentPostprocessing = 0;
		};
		38D9FE812D6269A100E651FA /* Frameworks */ = {
			isa = PBXFrameworksBuildPhase;
			buildActionMask = 2147483647;
			files = (
			);
			runOnlyForDeploymentPostprocessing = 0;
		};
		38D9FE8B2D6269A100E651FA /* Frameworks */ = {
			isa = PBXFrameworksBuildPhase;
			buildActionMask = 2147483647;
			files = (
			);
			runOnlyForDeploymentPostprocessing = 0;
		};
/* End PBXFrameworksBuildPhase section */

/* Begin PBXGroup section */
		38D9FE6A2D6269A000E651FA = {
			isa = PBXGroup;
			children = (
				382F25862D74DAE000CEC171 /* FileScrubby-Info.plist */,
				38D9FE752D6269A000E651FA /* Scrubby */,
				38D9FE872D6269A100E651FA /* ScrubbyTests */,
				38D9FE912D6269A100E651FA /* ScrubbyUITests */,
				38D9FE742D6269A000E651FA /* Products */,
			);
			sourceTree = "<group>";
		};
		38D9FE742D6269A000E651FA /* Products */ = {
			isa = PBXGroup;
			children = (
				38D9FE732D6269A000E651FA /* FileScrubby.app */,
				38D9FE842D6269A100E651FA /* FileScrubbyTests.xctest */,
				38D9FE8E2D6269A100E651FA /* FileScrubbyUITests.xctest */,
			);
			name = Products;
			sourceTree = "<group>";
		};
/* End PBXGroup section */

/* Begin PBXNativeTarget section */
		38D9FE722D6269A000E651FA /* FileScrubby */ = {
			isa = PBXNativeTarget;
			buildConfigurationList = 38D9FE982D6269A100E651FA /* Build configuration list for PBXNativeTarget "FileScrubby" */;
			buildPhases = (
				38D9FE6F2D6269A000E651FA /* Sources */,
				38D9FE702D6269A000E651FA /* Frameworks */,
				38D9FE712D6269A000E651FA /* Resources */,
			);
			buildRules = (
			);
			dependencies = (
			);
			fileSystemSynchronizedGroups = (
				38D9FE752D6269A000E651FA /* Scrubby */,
			);
			name = FileScrubby;
			packageProductDependencies = (
				382F25842D74DA3B00CEC171 /* Sparkle */,
			);
			productName = Scrubby;
			productReference = 38D9FE732D6269A000E651FA /* FileScrubby.app */;
			productType = "com.apple.product-type.application";
		};
		38D9FE832D6269A100E651FA /* FileScrubbyTests */ = {
			isa = PBXNativeTarget;
			buildConfigurationList = 38D9FE9B2D6269A100E651FA /* Build configuration list for PBXNativeTarget "FileScrubbyTests" */;
			buildPhases = (
				38D9FE802D6269A100E651FA /* Sources */,
				38D9FE812D6269A100E651FA /* Frameworks */,
				38D9FE822D6269A100E651FA /* Resources */,
			);
			buildRules = (
			);
			dependencies = (
				38D9FE862D6269A100E651FA /* PBXTargetDependency */,
			);
			fileSystemSynchronizedGroups = (
				38D9FE872D6269A100E651FA /* ScrubbyTests */,
			);
			name = FileScrubbyTests;
			packageProductDependencies = (
			);
			productName = ScrubbyTests;
			productReference = 38D9FE842D6269A100E651FA /* FileScrubbyTests.xctest */;
			productType = "com.apple.product-type.bundle.unit-test";
		};
		38D9FE8D2D6269A100E651FA /* FileScrubbyUITests */ = {
			isa = PBXNativeTarget;
			buildConfigurationList = 38D9FE9E2D6269A100E651FA /* Build configuration list for PBXNativeTarget "FileScrubbyUITests" */;
			buildPhases = (
				38D9FE8A2D6269A100E651FA /* Sources */,
				38D9FE8B2D6269A100E651FA /* Frameworks */,
				38D9FE8C2D6269A100E651FA /* Resources */,
			);
			buildRules = (
			);
			dependencies = (
				38D9FE902D6269A100E651FA /* PBXTargetDependency */,
			);
			fileSystemSynchronizedGroups = (
				38D9FE912D6269A100E651FA /* ScrubbyUITests */,
			);
			name = FileScrubbyUITests;
			packageProductDependencies = (
			);
			productName = ScrubbyUITests;
			productReference = 38D9FE8E2D6269A100E651FA /* FileScrubbyUITests.xctest */;
			productType = "com.apple.product-type.bundle.ui-testing";
		};
/* End PBXNativeTarget section */

/* Begin PBXProject section */
		38D9FE6B2D6269A000E651FA /* Project object */ = {
			isa = PBXProject;
			attributes = {
				BuildIndependentTargetsInParallel = 1;
				LastSwiftUpdateCheck = 1620;
				LastUpgradeCheck = 1620;
				TargetAttributes = {
					38D9FE722D6269A000E651FA = {
						CreatedOnToolsVersion = 16.2;
					};
					38D9FE832D6269A100E651FA = {
						CreatedOnToolsVersion = 16.2;
						TestTargetID = 38D9FE722D6269A000E651FA;
					};
					38D9FE8D2D6269A100E651FA = {
						CreatedOnToolsVersion = 16.2;
						TestTargetID = 38D9FE722D6269A000E651FA;
					};
				};
			};
			buildConfigurationList = 38D9FE6E2D6269A000E651FA /* Build configuration list for PBXProject "FileScrubby" */;
			developmentRegion = en;
			hasScannedForEncodings = 0;
			knownRegions = (
				en,
				Base,
			);
			mainGroup = 38D9FE6A2D6269A000E651FA;
			minimizedProjectReferenceProxies = 1;
			packageReferences = (
				382F25832D74DA3B00CEC171 /* XCRemoteSwiftPackageReference "Sparkle" */,
			);
			preferredProjectObjectVersion = 77;
			productRefGroup = 38D9FE742D6269A000E651FA /* Products */;
			projectDirPath = "";
			projectRoot = "";
			targets = (
				38D9FE722D6269A000E651FA /* FileScrubby */,
				38D9FE832D6269A100E651FA /* FileScrubbyTests */,
				38D9FE8D2D6269A100E651FA /* FileScrubbyUITests */,
			);
		};
/* End PBXProject section */

/* Begin PBXResourcesBuildPhase section */
		38D9FE712D6269A000E651FA /* Resources */ = {
			isa = PBXResourcesBuildPhase;
			buildActionMask = 2147483647;
			files = (
			);
			runOnlyForDeploymentPostprocessing = 0;
		};
		38D9FE822D6269A100E651FA /* Resources */ = {
			isa = PBXResourcesBuildPhase;
			buildActionMask = 2147483647;
			files = (
			);
			runOnlyForDeploymentPostprocessing = 0;
		};
		38D9FE8C2D6269A100E651FA /* Resources */ = {
			isa = PBXResourcesBuildPhase;
			buildActionMask = 2147483647;
			files = (
			);
			runOnlyForDeploymentPostprocessing = 0;
		};
/* End PBXResourcesBuildPhase section */

/* Begin PBXSourcesBuildPhase section */
		38D9FE6F2D6269A000E651FA /* Sources */ = {
			isa = PBXSourcesBuildPhase;
			buildActionMask = 2147483647;
			files = (
			);
			runOnlyForDeploymentPostprocessing = 0;
		};
		38D9FE802D6269A100E651FA /* Sources */ = {
			isa = PBXSourcesBuildPhase;
			buildActionMask = 2147483647;
			files = (
			);
			runOnlyForDeploymentPostprocessing = 0;
		};
		38D9FE8A2D6269A100E651FA /* Sources */ = {
			isa = PBXSourcesBuildPhase;
			buildActionMask = 2147483647;
			files = (
			);
			runOnlyForDeploymentPostprocessing = 0;
		};
/* End PBXSourcesBuildPhase section */

/* Begin PBXTargetDependency section */
		38D9FE862D6269A100E651FA /* PBXTargetDependency */ = {
			isa = PBXTargetDependency;
			target = 38D9FE722D6269A000E651FA /* FileScrubby */;
			targetProxy = 38D9FE852D6269A100E651FA /* PBXContainerItemProxy */;
		};
		38D9FE902D6269A100E651FA /* PBXTargetDependency */ = {
			isa = PBXTargetDependency;
			target = 38D9FE722D6269A000E651FA /* FileScrubby */;
			targetProxy = 38D9FE8F2D6269A100E651FA /* PBXContainerItemProxy */;
		};
/* End PBXTargetDependency section */

/* Begin XCBuildConfiguration section */
		38D9FE962D6269A100E651FA /* Debug */ = {
			isa = XCBuildConfiguration;
			buildSettings = {
				ALWAYS_SEARCH_USER_PATHS = NO;
				ASSETCATALOG_COMPILER_GENERATE_SWIFT_ASSET_SYMBOL_EXTENSIONS = YES;
				CLANG_ANALYZER_NONNULL = YES;
				CLANG_ANALYZER_NUMBER_OBJECT_CONVERSION = YES_AGGRESSIVE;
				CLANG_CXX_LANGUAGE_STANDARD = "gnu++20";
				CLANG_ENABLE_MODULES = YES;
				CLANG_ENABLE_OBJC_ARC = YES;
				CLANG_ENABLE_OBJC_WEAK = YES;
				CLANG_WARN_BLOCK_CAPTURE_AUTORELEASING = YES;
				CLANG_WARN_BOOL_CONVERSION = YES;
				CLANG_WARN_COMMA = YES;
				CLANG_WARN_CONSTANT_CONVERSION = YES;
				CLANG_WARN_DEPRECATED_OBJC_IMPLEMENTATIONS = YES;
				CLANG_WARN_DIRECT_OBJC_ISA_USAGE = YES_ERROR;
				CLANG_WARN_DOCUMENTATION_COMMENTS = YES;
				CLANG_WARN_EMPTY_BODY = YES;
				CLANG_WARN_ENUM_CONVERSION = YES;
				CLANG_WARN_INFINITE_RECURSION = YES;
				CLANG_WARN_INT_CONVERSION = YES;
				CLANG_WARN_NON_LITERAL_NULL_CONVERSION = YES;
				CLANG_WARN_OBJC_IMPLICIT_RETAIN_SELF = YES;
				CLANG_WARN_OBJC_LITERAL_CONVERSION = YES;
				CLANG_WARN_OBJC_ROOT_CLASS = YES_ERROR;
				CLANG_WARN_QUOTED_INCLUDE_IN_FRAMEWORK_HEADER = YES;
				CLANG_WARN_RANGE_LOOP_ANALYSIS = YES;
				CLANG_WARN_STRICT_PROTOTYPES = YES;
				CLANG_WARN_SUSPICIOUS_MOVE = YES;
				CLANG_WARN_UNGUARDED_AVAILABILITY = YES_AGGRESSIVE;
				CLANG_WARN_UNREACHABLE_CODE = YES;
				CLANG_WARN__DUPLICATE_METHOD_MATCH = YES;
				COPY_PHASE_STRIP = NO;
				DEBUG_INFORMATION_FORMAT = dwarf;
				ENABLE_STRICT_OBJC_MSGSEND = YES;
				ENABLE_TESTABILITY = YES;
				ENABLE_USER_SCRIPT_SANDBOXING = YES;
				GCC_C_LANGUAGE_STANDARD = gnu17;
				GCC_DYNAMIC_NO_PIC = NO;
				GCC_NO_COMMON_BLOCKS = YES;
				GCC_OPTIMIZATION_LEVEL = 0;
				GCC_PREPROCESSOR_DEFINITIONS = (
					"DEBUG=1",
					"$(inherited)",
				);
				GCC_WARN_64_TO_32_BIT_CONVERSION = YES;
				GCC_WARN_ABOUT_RETURN_TYPE = YES_ERROR;
				GCC_WARN_UNDECLARED_SELECTOR = YES;
				GCC_WARN_UNINITIALIZED_AUTOS = YES_AGGRESSIVE;
				GCC_WARN_UNUSED_FUNCTION = YES;
				GCC_WARN_UNUSED_VARIABLE = YES;
				LOCALIZATION_PREFERS_STRING_CATALOGS = YES;
				MACOSX_DEPLOYMENT_TARGET = 15.2;
				MTL_ENABLE_DEBUG_INFO = INCLUDE_SOURCE;
				MTL_FAST_MATH = YES;
				ONLY_ACTIVE_ARCH = YES;
				SDKROOT = macosx;
				SWIFT_ACTIVE_COMPILATION_CONDITIONS = "DEBUG $(inherited)";
				SWIFT_OPTIMIZATION_LEVEL = "-Onone";
			};
			name = Debug;
		};
		38D9FE972D6269A100E651FA /* Release */ = {
			isa = XCBuildConfiguration;
			buildSettings = {
				ALWAYS_SEARCH_USER_PATHS = NO;
				ASSETCATALOG_COMPILER_GENERATE_SWIFT_ASSET_SYMBOL_EXTENSIONS = YES;
				CLANG_ANALYZER_NONNULL = YES;
				CLANG_ANALYZER_NUMBER_OBJECT_CONVERSION = YES_AGGRESSIVE;
				CLANG_CXX_LANGUAGE_STANDARD = "gnu++20";
				CLANG_ENABLE_MODULES = YES;
				CLANG_ENABLE_OBJC_ARC = YES;
				CLANG_ENABLE_OBJC_WEAK = YES;
				CLANG_WARN_BLOCK_CAPTURE_AUTORELEASING = YES;
				CLANG_WARN_BOOL_CONVERSION = YES;
				CLANG_WARN_COMMA = YES;
				CLANG_WARN_CONSTANT_CONVERSION = YES;
				CLANG_WARN_DEPRECATED_OBJC_IMPLEMENTATIONS = YES;
				CLANG_WARN_DIRECT_OBJC_ISA_USAGE = YES_ERROR;
				CLANG_WARN_DOCUMENTATION_COMMENTS = YES;
				CLANG_WARN_EMPTY_BODY = YES;
				CLANG_WARN_ENUM_CONVERSION = YES;
				CLANG_WARN_INFINITE_RECURSION = YES;
				CLANG_WARN_INT_CONVERSION = YES;
				CLANG_WARN_NON_LITERAL_NULL_CONVERSION = YES;
				CLANG_WARN_OBJC_IMPLICIT_RETAIN_SELF = YES;
				CLANG_WARN_OBJC_LITERAL_CONVERSION = YES;
				CLANG_WARN_OBJC_ROOT_CLASS = YES_ERROR;
				CLANG_WARN_QUOTED_INCLUDE_IN_FRAMEWORK_HEADER = YES;
				CLANG_WARN_RANGE_LOOP_ANALYSIS = YES;
				CLANG_WARN_STRICT_PROTOTYPES = YES;
				CLANG_WARN_SUSPICIOUS_MOVE = YES;
				CLANG_WARN_UNGUARDED_AVAILABILITY = YES_AGGRESSIVE;
				CLANG_WARN_UNREACHABLE_CODE = YES;
				CLANG_WARN__DUPLICATE_METHOD_MATCH = YES;
				COPY_PHASE_STRIP = NO;
				DEBUG_INFORMATION_FORMAT = "dwarf-with-dsym";
				ENABLE_NS_ASSERTIONS = NO;
				ENABLE_STRICT_OBJC_MSGSEND = YES;
				ENABLE_USER_SCRIPT_SANDBOXING = YES;
				GCC_C_LANGUAGE_STANDARD = gnu17;
				GCC_NO_COMMON_BLOCKS = YES;
				GCC_WARN_64_TO_32_BIT_CONVERSION = YES;
				GCC_WARN_ABOUT_RETURN_TYPE = YES_ERROR;
				GCC_WARN_UNDECLARED_SELECTOR = YES;
				GCC_WARN_UNINITIALIZED_AUTOS = YES_AGGRESSIVE;
				GCC_WARN_UNUSED_FUNCTION = YES;
				GCC_WARN_UNUSED_VARIABLE = YES;
				LOCALIZATION_PREFERS_STRING_CATALOGS = YES;
				MACOSX_DEPLOYMENT_TARGET = 15.2;
				MTL_ENABLE_DEBUG_INFO = NO;
				MTL_FAST_MATH = YES;
				SDKROOT = macosx;
				SWIFT_COMPILATION_MODE = wholemodule;
			};
			name = Release;
		};
		38D9FE992D6269A100E651FA /* Debug */ = {
			isa = XCBuildConfiguration;
			buildSettings = {
				ASSETCATALOG_COMPILER_APPICON_NAME = AppIcon;
				ASSETCATALOG_COMPILER_GLOBAL_ACCENT_COLOR_NAME = AccentColor;
				CODE_SIGN_ENTITLEMENTS = Scrubby/Scrubby.entitlements;
				"CODE_SIGN_IDENTITY[sdk=macosx*]" = "Apple Development";
				CODE_SIGN_STYLE = Automatic;
				COMBINE_HIDPI_IMAGES = YES;
				CURRENT_PROJECT_VERSION = 11;
				DEVELOPMENT_ASSET_PATHS = "\"Scrubby/Preview Content\"";
				DEVELOPMENT_TEAM = MCAF54H27N;
				ENABLE_HARDENED_RUNTIME = YES;
				ENABLE_PREVIEWS = YES;
				GENERATE_INFOPLIST_FILE = YES;
				INFOPLIST_FILE = "FileScrubby-Info.plist";
				INFOPLIST_KEY_CFBundleDisplayName = FileScrubby;
				INFOPLIST_KEY_LSApplicationCategoryType = "public.app-category.utilities";
				INFOPLIST_KEY_NSHumanReadableCopyright = "";
				LD_RUNPATH_SEARCH_PATHS = (
					"$(inherited)",
					"@executable_path/../Frameworks",
				);
				MARKETING_VERSION = 1.1;
				PRODUCT_BUNDLE_IDENTIFIER = com.ryangraves.Scrubby;
				PRODUCT_NAME = "$(TARGET_NAME)";
				SWIFT_EMIT_LOC_STRINGS = YES;
				SWIFT_VERSION = 5.0;
			};
			name = Debug;
		};
		38D9FE9A2D6269A100E651FA /* Release */ = {
			isa = XCBuildConfiguration;
			buildSettings = {
				ASSETCATALOG_COMPILER_APPICON_NAME = AppIcon;
				ASSETCATALOG_COMPILER_GLOBAL_ACCENT_COLOR_NAME = AccentColor;
				CODE_SIGN_ENTITLEMENTS = Scrubby/Scrubby.entitlements;
				"CODE_SIGN_IDENTITY[sdk=macosx*]" = "Apple Development";
				CODE_SIGN_STYLE = Automatic;
				COMBINE_HIDPI_IMAGES = YES;
				CURRENT_PROJECT_VERSION = 11;
				DEVELOPMENT_ASSET_PATHS = "\"Scrubby/Preview Content\"";
				DEVELOPMENT_TEAM = MCAF54H27N;
				ENABLE_HARDENED_RUNTIME = YES;
				ENABLE_PREVIEWS = YES;
				GENERATE_INFOPLIST_FILE = YES;
				INFOPLIST_FILE = "FileScrubby-Info.plist";
				INFOPLIST_KEY_CFBundleDisplayName = FileScrubby;
				INFOPLIST_KEY_LSApplicationCategoryType = "public.app-category.utilities";
				INFOPLIST_KEY_NSHumanReadableCopyright = "";
				LD_RUNPATH_SEARCH_PATHS = (
					"$(inherited)",
					"@executable_path/../Frameworks",
				);
				MARKETING_VERSION = 1.1;
				PRODUCT_BUNDLE_IDENTIFIER = com.ryangraves.Scrubby;
				PRODUCT_NAME = "$(TARGET_NAME)";
				SWIFT_EMIT_LOC_STRINGS = YES;
				SWIFT_VERSION = 5.0;
			};
			name = Release;
		};
		38D9FE9C2D6269A100E651FA /* Debug */ = {
			isa = XCBuildConfiguration;
			buildSettings = {
				BUNDLE_LOADER = "$(TEST_HOST)";
				CODE_SIGN_STYLE = Automatic;
				CURRENT_PROJECT_VERSION = 11;
				DEVELOPMENT_TEAM = MCAF54H27N;
				GENERATE_INFOPLIST_FILE = YES;
				MACOSX_DEPLOYMENT_TARGET = 15.2;
				MARKETING_VERSION = 1.0;
				PRODUCT_BUNDLE_IDENTIFIER = com.ryangraves.ScrubbyTests;
				PRODUCT_NAME = "$(TARGET_NAME)";
				SWIFT_EMIT_LOC_STRINGS = NO;
				SWIFT_VERSION = 5.0;
				TEST_HOST = "$(BUILT_PRODUCTS_DIR)/FileScrubby.app/$(BUNDLE_EXECUTABLE_FOLDER_PATH)/FileScrubby";
			};
			name = Debug;
		};
		38D9FE9D2D6269A100E651FA /* Release */ = {
			isa = XCBuildConfiguration;
			buildSettings = {
				BUNDLE_LOADER = "$(TEST_HOST)";
				CODE_SIGN_STYLE = Automatic;
				CURRENT_PROJECT_VERSION = 11;
				DEVELOPMENT_TEAM = MCAF54H27N;
				GENERATE_INFOPLIST_FILE = YES;
				MACOSX_DEPLOYMENT_TARGET = 15.2;
				MARKETING_VERSION = 1.0;
				PRODUCT_BUNDLE_IDENTIFIER = com.ryangraves.ScrubbyTests;
				PRODUCT_NAME = "$(TARGET_NAME)";
				SWIFT_EMIT_LOC_STRINGS = NO;
				SWIFT_VERSION = 5.0;
				TEST_HOST = "$(BUILT_PRODUCTS_DIR)/FileScrubby.app/$(BUNDLE_EXECUTABLE_FOLDER_PATH)/FileScrubby";
			};
			name = Release;
		};
		38D9FE9F2D6269A100E651FA /* Debug */ = {
			isa = XCBuildConfiguration;
			buildSettings = {
				CODE_SIGN_STYLE = Automatic;
				CURRENT_PROJECT_VERSION = 11;
				DEVELOPMENT_TEAM = MCAF54H27N;
				GENERATE_INFOPLIST_FILE = YES;
				MARKETING_VERSION = 1.0;
				PRODUCT_BUNDLE_IDENTIFIER = com.ryangraves.ScrubbyUITests;
				PRODUCT_NAME = "$(TARGET_NAME)";
				SWIFT_EMIT_LOC_STRINGS = NO;
				SWIFT_VERSION = 5.0;
				TEST_TARGET_NAME = Scrubby;
			};
			name = Debug;
		};
		38D9FEA02D6269A100E651FA /* Release */ = {
			isa = XCBuildConfiguration;
			buildSettings = {
				CODE_SIGN_STYLE = Automatic;
				CURRENT_PROJECT_VERSION = 11;
				DEVELOPMENT_TEAM = MCAF54H27N;
				GENERATE_INFOPLIST_FILE = YES;
				MARKETING_VERSION = 1.0;
				PRODUCT_BUNDLE_IDENTIFIER = com.ryangraves.ScrubbyUITests;
				PRODUCT_NAME = "$(TARGET_NAME)";
				SWIFT_EMIT_LOC_STRINGS = NO;
				SWIFT_VERSION = 5.0;
				TEST_TARGET_NAME = Scrubby;
			};
			name = Release;
		};
/* End XCBuildConfiguration section */

/* Begin XCConfigurationList section */
		38D9FE6E2D6269A000E651FA /* Build configuration list for PBXProject "FileScrubby" */ = {
			isa = XCConfigurationList;
			buildConfigurations = (
				38D9FE962D6269A100E651FA /* Debug */,
				38D9FE972D6269A100E651FA /* Release */,
			);
			defaultConfigurationIsVisible = 0;
			defaultConfigurationName = Release;
		};
		38D9FE982D6269A100E651FA /* Build configuration list for PBXNativeTarget "FileScrubby" */ = {
			isa = XCConfigurationList;
			buildConfigurations = (
				38D9FE992D6269A100E651FA /* Debug */,
				38D9FE9A2D6269A100E651FA /* Release */,
			);
			defaultConfigurationIsVisible = 0;
			defaultConfigurationName = Release;
		};
		38D9FE9B2D6269A100E651FA /* Build configuration list for PBXNativeTarget "FileScrubbyTests" */ = {
			isa = XCConfigurationList;
			buildConfigurations = (
				38D9FE9C2D6269A100E651FA /* Debug */,
				38D9FE9D2D6269A100E651FA /* Release */,
			);
			defaultConfigurationIsVisible = 0;
			defaultConfigurationName = Release;
		};
		38D9FE9E2D6269A100E651FA /* Build configuration list for PBXNativeTarget "FileScrubbyUITests" */ = {
			isa = XCConfigurationList;
			buildConfigurations = (
				38D9FE9F2D6269A100E651FA /* Debug */,
				38D9FEA02D6269A100E651FA /* Release */,
			);
			defaultConfigurationIsVisible = 0;
			defaultConfigurationName = Release;
		};
/* End XCConfigurationList section */

/* Begin XCRemoteSwiftPackageReference section */
		382F25832D74DA3B00CEC171 /* XCRemoteSwiftPackageReference "Sparkle" */ = {
			isa = XCRemoteSwiftPackageReference;
			repositoryURL = "https://github.com/sparkle-project/Sparkle";
			requirement = {
				kind = upToNextMajorVersion;
				minimumVersion = 2.7.0;
			};
		};
/* End XCRemoteSwiftPackageReference section */

/* Begin XCSwiftPackageProductDependency section */
		382F25842D74DA3B00CEC171 /* Sparkle */ = {
			isa = XCSwiftPackageProductDependency;
			package = 382F25832D74DA3B00CEC171 /* XCRemoteSwiftPackageReference "Sparkle" */;
			productName = Sparkle;
		};
/* End XCSwiftPackageProductDependency section */
	};
	rootObject = 38D9FE6B2D6269A000E651FA /* Project object */;
}
